
Microsoft Visual Studio Solution File, Format Version 12.00
# Visual Studio Version 16
VisualStudioVersion = 16.0.31112.23
MinimumVisualStudioVersion = 10.0.40219.1
Project("{FAE04EC0-301F-11D3-BF4B-00C04F79EFBC}") = "YourIMC", "YourIMC\YourIMC.csproj", "{829CDD1C-6217-43EE-85E5-2097987CCC40}"
EndProject
Global
	GlobalSection(SolutionConfigurationPlatforms) = preSolution
		Debug|Any CPU = Debug|Any CPU
		Release|Any CPU = Release|Any CPU
	EndGlobalSection
	GlobalSection(ProjectConfigurationPlatforms) = postSolution
		{829CDD1C-6217-43EE-85E5-2097987CCC40}.Debug|Any CPU.ActiveCfg = Debug|Any CPU
		{829CDD1C-6217-43EE-85E5-2097987CCC40}.Debug|Any CPU.Build.0 = Debug|Any CPU
		{829CDD1C-6217-43EE-85E5-2097987CCC40}.Release|Any CPU.ActiveCfg = Release|Any CPU
		{829CDD1C-6217-43EE-85E5-2097987CCC40}.Release|Any CPU.Build.0 = Release|Any CPU
	EndGlobalSection
	GlobalSection(SolutionProperties) = preSolution
		HideSolutionNode = FALSE
	EndGlobalSection
	GlobalSection(ExtensibilityGlobals) = postSolution
		SolutionGuid = {EAD96134-9EA7-44EC-A6F0-07BD48BD4EA3}
	EndGlobalSection
EndGlobal
